
Microsoft Visual Studio Solution File, Format Version 12.00
# Visual Studio 15
VisualStudioVersion = 15.0.28307.271
MinimumVisualStudioVersion = 10.0.40219.1
Project("{FAE04EC0-301F-11D3-BF4B-00C04F79EFBC}") = "심화 8-1", "심화 8-1\심화 8-1.csproj", "{D05CB5BB-8183-4195-B12C-FE3010C140E6}"
EndProject
Global
	GlobalSection(SolutionConfigurationPlatforms) = preSolution
		Debug|Any CPU = Debug|Any CPU
		Release|Any CPU = Release|Any CPU
	EndGlobalSection
	GlobalSection(ProjectConfigurationPlatforms) = postSolution
		{D05CB5BB-8183-4195-B12C-FE3010C140E6}.Debug|Any CPU.ActiveCfg = Debug|Any CPU
		{D05CB5BB-8183-4195-B12C-FE3010C140E6}.Debug|Any CPU.Build.0 = Debug|Any CPU
		{D05CB5BB-8183-4195-B12C-FE3010C140E6}.Release|Any CPU.ActiveCfg = Release|Any CPU
		{D05CB5BB-8183-4195-B12C-FE3010C140E6}.Release|Any CPU.Build.0 = Release|Any CPU
	EndGlobalSection
	GlobalSection(SolutionProperties) = preSolution
		HideSolutionNode = FALSE
	EndGlobalSection
	GlobalSection(ExtensibilityGlobals) = postSolution
		SolutionGuid = {0B2C24CF-78F1-4E25-86E2-45CF67A1D9E7}
	EndGlobalSection
EndGlobal
