
Microsoft Visual Studio Solution File, Format Version 12.00
# Visual Studio 15
VisualStudioVersion = 15.0.28307.271
MinimumVisualStudioVersion = 10.0.40219.1
Project("{FAE04EC0-301F-11D3-BF4B-00C04F79EFBC}") = "DoorLock", "DoorLock\DoorLock.csproj", "{ED1A3293-9A30-4849-96A2-3BDF46AD9164}"
EndProject
Global
	GlobalSection(SolutionConfigurationPlatforms) = preSolution
		Debug|Any CPU = Debug|Any CPU
		Release|Any CPU = Release|Any CPU
	EndGlobalSection
	GlobalSection(ProjectConfigurationPlatforms) = postSolution
		{ED1A3293-9A30-4849-96A2-3BDF46AD9164}.Debug|Any CPU.ActiveCfg = Debug|Any CPU
		{ED1A3293-9A30-4849-96A2-3BDF46AD9164}.Debug|Any CPU.Build.0 = Debug|Any CPU
		{ED1A3293-9A30-4849-96A2-3BDF46AD9164}.Release|Any CPU.ActiveCfg = Release|Any CPU
		{ED1A3293-9A30-4849-96A2-3BDF46AD9164}.Release|Any CPU.Build.0 = Release|Any CPU
	EndGlobalSection
	GlobalSection(SolutionProperties) = preSolution
		HideSolutionNode = FALSE
	EndGlobalSection
	GlobalSection(ExtensibilityGlobals) = postSolution
		SolutionGuid = {914ED8D5-8C48-4A59-9D2B-2DBE3DA49AED}
	EndGlobalSection
EndGlobal
