
Microsoft Visual Studio Solution File, Format Version 12.00
# Visual Studio 15
VisualStudioVersion = 15.0.28307.271
MinimumVisualStudioVersion = 10.0.40219.1
Project("{FAE04EC0-301F-11D3-BF4B-00C04F79EFBC}") = "심화 4-2", "심화 4-2\심화 4-2.csproj", "{205F7C33-9037-4D60-9377-EC930072C1D9}"
EndProject
Global
	GlobalSection(SolutionConfigurationPlatforms) = preSolution
		Debug|Any CPU = Debug|Any CPU
		Release|Any CPU = Release|Any CPU
	EndGlobalSection
	GlobalSection(ProjectConfigurationPlatforms) = postSolution
		{205F7C33-9037-4D60-9377-EC930072C1D9}.Debug|Any CPU.ActiveCfg = Debug|Any CPU
		{205F7C33-9037-4D60-9377-EC930072C1D9}.Debug|Any CPU.Build.0 = Debug|Any CPU
		{205F7C33-9037-4D60-9377-EC930072C1D9}.Release|Any CPU.ActiveCfg = Release|Any CPU
		{205F7C33-9037-4D60-9377-EC930072C1D9}.Release|Any CPU.Build.0 = Release|Any CPU
	EndGlobalSection
	GlobalSection(SolutionProperties) = preSolution
		HideSolutionNode = FALSE
	EndGlobalSection
	GlobalSection(ExtensibilityGlobals) = postSolution
		SolutionGuid = {72A2E6CC-87F0-436C-9D92-BD786D6CCEE8}
	EndGlobalSection
EndGlobal
