
Microsoft Visual Studio Solution File, Format Version 12.00
# Visual Studio 15
VisualStudioVersion = 15.0.28307.271
MinimumVisualStudioVersion = 10.0.40219.1
Project("{FAE04EC0-301F-11D3-BF4B-00C04F79EFBC}") = "기초 9-2", "기초 9-2\기초 9-2.csproj", "{0E3B8AF4-7530-4E91-8670-54FFCC07E538}"
EndProject
Global
	GlobalSection(SolutionConfigurationPlatforms) = preSolution
		Debug|Any CPU = Debug|Any CPU
		Release|Any CPU = Release|Any CPU
	EndGlobalSection
	GlobalSection(ProjectConfigurationPlatforms) = postSolution
		{0E3B8AF4-7530-4E91-8670-54FFCC07E538}.Debug|Any CPU.ActiveCfg = Debug|Any CPU
		{0E3B8AF4-7530-4E91-8670-54FFCC07E538}.Debug|Any CPU.Build.0 = Debug|Any CPU
		{0E3B8AF4-7530-4E91-8670-54FFCC07E538}.Release|Any CPU.ActiveCfg = Release|Any CPU
		{0E3B8AF4-7530-4E91-8670-54FFCC07E538}.Release|Any CPU.Build.0 = Release|Any CPU
	EndGlobalSection
	GlobalSection(SolutionProperties) = preSolution
		HideSolutionNode = FALSE
	EndGlobalSection
	GlobalSection(ExtensibilityGlobals) = postSolution
		SolutionGuid = {12B51D57-8D31-4E18-9734-E0998888C257}
	EndGlobalSection
EndGlobal
